// !$*UTF8*$!
{
	archiveVersion = 1;
	classes = {
	};
	objectVersion = 50;
	objects = {

/* Begin PBXBuildFile section */
		491EB29B256464C500C30283 /* AuftaktApp.swift in Sources */ = {isa = PBXBuildFile; fileRef = 491EB29A256464C500C30283 /* AuftaktApp.swift */; };
		491EB2A2256464C700C30283 /* Preview Assets.xcassets in Resources */ = {isa = PBXBuildFile; fileRef = 491EB2A1256464C700C30283 /* Preview Assets.xcassets */; };
		491EB2AD256464C700C30283 /* AuftaktTests.swift in Sources */ = {isa = PBXBuildFile; fileRef = 491EB2AC256464C700C30283 /* AuftaktTests.swift */; };
		491EB2B8256464C700C30283 /* AuftaktUITests.swift in Sources */ = {isa = PBXBuildFile; fileRef = 491EB2B7256464C700C30283 /* AuftaktUITests.swift */; };
		491EB2D52564650600C30283 /* tb.wav in Resources */ = {isa = PBXBuildFile; fileRef = 491EB2D02564650600C30283 /* tb.wav */; };
		491EB2D62564650600C30283 /* beep.wav in Resources */ = {isa = PBXBuildFile; fileRef = 491EB2D12564650600C30283 /* beep.wav */; };
		491EB2D72564650600C30283 /* tw.wav in Resources */ = {isa = PBXBuildFile; fileRef = 491EB2D22564650600C30283 /* tw.wav */; };
		491EB2D82564650600C30283 /* wbh.wav in Resources */ = {isa = PBXBuildFile; fileRef = 491EB2D32564650600C30283 /* wbh.wav */; };
		491EB2D92564650600C30283 /* wbl.wav in Resources */ = {isa = PBXBuildFile; fileRef = 491EB2D42564650600C30283 /* wbl.wav */; };
		491EB2E82564657B00C30283 /* TabTempo.swift in Sources */ = {isa = PBXBuildFile; fileRef = 491EB2DE2564657B00C30283 /* TabTempo.swift */; };
		491EB2E92564657B00C30283 /* Note.swift in Sources */ = {isa = PBXBuildFile; fileRef = 491EB2DF2564657B00C30283 /* Note.swift */; };
		491EB2EA2564657B00C30283 /* Subdiv.swift in Sources */ = {isa = PBXBuildFile; fileRef = 491EB2E02564657B00C30283 /* Subdiv.swift */; };
		491EB2EB2564657B00C30283 /* Metronome.swift in Sources */ = {isa = PBXBuildFile; fileRef = 491EB2E12564657B00C30283 /* Metronome.swift */; };
		491EB2EC2564657B00C30283 /* Tempo.swift in Sources */ = {isa = PBXBuildFile; fileRef = 491EB2E22564657B00C30283 /* Tempo.swift */; };
		491EB2ED2564657B00C30283 /* Measure.swift in Sources */ = {isa = PBXBuildFile; fileRef = 491EB2E32564657B00C30283 /* Measure.swift */; };
		491EB2EE2564657B00C30283 /* Practice.swift in Sources */ = {isa = PBXBuildFile; fileRef = 491EB2E42564657B00C30283 /* Practice.swift */; };
		491EB2EF2564657B00C30283 /* PracticePreset.swift in Sources */ = {isa = PBXBuildFile; fileRef = 491EB2E52564657B00C30283 /* PracticePreset.swift */; };
		491EB2F02564657B00C30283 /* MetronomePreset.swift in Sources */ = {isa = PBXBuildFile; fileRef = 491EB2E62564657B00C30283 /* MetronomePreset.swift */; };
		491EB2F12564657B00C30283 /* Extensions.swift in Sources */ = {isa = PBXBuildFile; fileRef = 491EB2E72564657B00C30283 /* Extensions.swift */; };
		491EB302256465AE00C30283 /* MetronomeRunner.swift in Sources */ = {isa = PBXBuildFile; fileRef = 491EB2FE256465AE00C30283 /* MetronomeRunner.swift */; };
		491EB303256465AE00C30283 /* PracticeRunner.swift in Sources */ = {isa = PBXBuildFile; fileRef = 491EB2FF256465AE00C30283 /* PracticeRunner.swift */; };
		491EB304256465AE00C30283 /* Runner.swift in Sources */ = {isa = PBXBuildFile; fileRef = 491EB300256465AE00C30283 /* Runner.swift */; };
		491EB305256465AE00C30283 /* Sounds.swift in Sources */ = {isa = PBXBuildFile; fileRef = 491EB301256465AE00C30283 /* Sounds.swift */; };
		491EB3142564660E00C30283 /* MeasureView.swift in Sources */ = {isa = PBXBuildFile; fileRef = 491EB30D2564660D00C30283 /* MeasureView.swift */; };
		491EB3152564660E00C30283 /* MeasureSettings.swift in Sources */ = {isa = PBXBuildFile; fileRef = 491EB30E2564660D00C30283 /* MeasureSettings.swift */; };
		491EB3162564660E00C30283 /* AccentsView.swift in Sources */ = {isa = PBXBuildFile; fileRef = 491EB30F2564660D00C30283 /* AccentsView.swift */; };
		491EB3172564660E00C30283 /* SubdivView.swift in Sources */ = {isa = PBXBuildFile; fileRef = 491EB3102564660D00C30283 /* SubdivView.swift */; };
		491EB3182564660E00C30283 /* TempoView.swift in Sources */ = {isa = PBXBuildFile; fileRef = 491EB3112564660D00C30283 /* TempoView.swift */; };
		491EB3192564660E00C30283 /* InstrumentListView.swift in Sources */ = {isa = PBXBuildFile; fileRef = 491EB3122564660E00C30283 /* InstrumentListView.swift */; };
		491EB31A2564660E00C30283 /* RunnerView.swift in Sources */ = {isa = PBXBuildFile; fileRef = 491EB3132564660E00C30283 /* RunnerView.swift */; };
		491EB3222564661A00C30283 /* TapTempoView.swift in Sources */ = {isa = PBXBuildFile; fileRef = 491EB31E2564661A00C30283 /* TapTempoView.swift */; };
		491EB3232564661A00C30283 /* MetronomeView.swift in Sources */ = {isa = PBXBuildFile; fileRef = 491EB31F2564661A00C30283 /* MetronomeView.swift */; };
		491EB3242564661A00C30283 /* CircularSlider.swift in Sources */ = {isa = PBXBuildFile; fileRef = 491EB3202564661A00C30283 /* CircularSlider.swift */; };
		491EB3252564661A00C30283 /* MetronomePresetViews.swift in Sources */ = {isa = PBXBuildFile; fileRef = 491EB3212564661A00C30283 /* MetronomePresetViews.swift */; };
		491EB32F2564662400C30283 /* BarView.swift in Sources */ = {isa = PBXBuildFile; fileRef = 491EB3292564662400C30283 /* BarView.swift */; };
		491EB3302564662400C30283 /* StartGoalView.swift in Sources */ = {isa = PBXBuildFile; fileRef = 491EB32A2564662400C30283 /* StartGoalView.swift */; };
		491EB3312564662400C30283 /* PracticePresetViews.swift in Sources */ = {isa = PBXBuildFile; fileRef = 491EB32B2564662400C30283 /* PracticePresetViews.swift */; };
		491EB3322564662400C30283 /* PracticeView.swift in Sources */ = {isa = PBXBuildFile; fileRef = 491EB32C2564662400C30283 /* PracticeView.swift */; };
		491EB3332564662400C30283 /* PracticeSettingsView.swift in Sources */ = {isa = PBXBuildFile; fileRef = 491EB32D2564662400C30283 /* PracticeSettingsView.swift */; };
		491EB3342564662400C30283 /* RotationalView.swift in Sources */ = {isa = PBXBuildFile; fileRef = 491EB32E2564662400C30283 /* RotationalView.swift */; };
		491EB3392564663A00C30283 /* ContentView.swift in Sources */ = {isa = PBXBuildFile; fileRef = 491EB3382564663A00C30283 /* ContentView.swift */; };
		491EB3482564665F00C30283 /* NoteTests.swift in Sources */ = {isa = PBXBuildFile; fileRef = 491EB3402564665F00C30283 /* NoteTests.swift */; };
		491EB3492564665F00C30283 /* TempoTests.swift in Sources */ = {isa = PBXBuildFile; fileRef = 491EB3412564665F00C30283 /* TempoTests.swift */; };
		491EB34A2564665F00C30283 /* TabTempoTests.swift in Sources */ = {isa = PBXBuildFile; fileRef = 491EB3422564665F00C30283 /* TabTempoTests.swift */; };
		491EB34B2564665F00C30283 /* SoundsTests.swift in Sources */ = {isa = PBXBuildFile; fileRef = 491EB3432564665F00C30283 /* SoundsTests.swift */; };
		491EB34C2564665F00C30283 /* SubdivTests.swift in Sources */ = {isa = PBXBuildFile; fileRef = 491EB3442564665F00C30283 /* SubdivTests.swift */; };
		491EB34D2564665F00C30283 /* MeasureTests.swift in Sources */ = {isa = PBXBuildFile; fileRef = 491EB3452564665F00C30283 /* MeasureTests.swift */; };
		491EB34E2564665F00C30283 /* MetronomeTests.swift in Sources */ = {isa = PBXBuildFile; fileRef = 491EB3462564665F00C30283 /* MetronomeTests.swift */; };
		491EB34F2564665F00C30283 /* PracticeTests.swift in Sources */ = {isa = PBXBuildFile; fileRef = 491EB3472564665F00C30283 /* PracticeTests.swift */; };
		491EB3562564671700C30283 /* Localizable.stringsdict in Resources */ = {isa = PBXBuildFile; fileRef = 491EB3582564671700C30283 /* Localizable.stringsdict */; };
		491EB35C2564672600C30283 /* Localizable.strings in Resources */ = {isa = PBXBuildFile; fileRef = 491EB35E2564672600C30283 /* Localizable.strings */; };
		491EB36E2564682200C30283 /* Assets.xcassets in Resources */ = {isa = PBXBuildFile; fileRef = 491EB36D2564682200C30283 /* Assets.xcassets */; };
		495CB1F6257837AE00439E3C /* c78h.wav in Resources */ = {isa = PBXBuildFile; fileRef = 495CB1F4257837AE00439E3C /* c78h.wav */; };
		495CB1F7257837AE00439E3C /* c78l.wav in Resources */ = {isa = PBXBuildFile; fileRef = 495CB1F5257837AE00439E3C /* c78l.wav */; };
/* End PBXBuildFile section */

/* Begin PBXContainerItemProxy section */
		491EB2A9256464C700C30283 /* PBXContainerItemProxy */ = {
			isa = PBXContainerItemProxy;
			containerPortal = 491EB28F256464C500C30283 /* Project object */;
			proxyType = 1;
			remoteGlobalIDString = 491EB296256464C500C30283;
			remoteInfo = Auftakt;
		};
		491EB2B4256464C700C30283 /* PBXContainerItemProxy */ = {
			isa = PBXContainerItemProxy;
			containerPortal = 491EB28F256464C500C30283 /* Project object */;
			proxyType = 1;
			remoteGlobalIDString = 491EB296256464C500C30283;
			remoteInfo = Auftakt;
		};
/* End PBXContainerItemProxy section */

/* Begin PBXFileReference section */
		490B016D2566B5030034B0FC /* README.md */ = {isa = PBXFileReference; lastKnownFileType = net.daringfireball.markdown; path = README.md; sourceTree = "<group>"; };
		491EB297256464C500C30283 /* Auftakt.app */ = {isa = PBXFileReference; explicitFileType = wrapper.application; includeInIndex = 0; path = Auftakt.app; sourceTree = BUILT_PRODUCTS_DIR; };
		491EB29A256464C500C30283 /* AuftaktApp.swift */ = {isa = PBXFileReference; lastKnownFileType = sourcecode.swift; path = AuftaktApp.swift; sourceTree = "<group>"; };
		491EB2A1256464C700C30283 /* Preview Assets.xcassets */ = {isa = PBXFileReference; lastKnownFileType = folder.assetcatalog; path = "Preview Assets.xcassets"; sourceTree = "<group>"; };
		491EB2A3256464C700C30283 /* Info.plist */ = {isa = PBXFileReference; lastKnownFileType = text.plist.xml; path = Info.plist; sourceTree = "<group>"; };
		491EB2A8256464C700C30283 /* AuftaktTests.xctest */ = {isa = PBXFileReference; explicitFileType = wrapper.cfbundle; includeInIndex = 0; path = AuftaktTests.xctest; sourceTree = BUILT_PRODUCTS_DIR; };
		491EB2AC256464C700C30283 /* AuftaktTests.swift */ = {isa = PBXFileReference; lastKnownFileType = sourcecode.swift; path = AuftaktTests.swift; sourceTree = "<group>"; };
		491EB2AE256464C700C30283 /* Info.plist */ = {isa = PBXFileReference; lastKnownFileType = text.plist.xml; path = Info.plist; sourceTree = "<group>"; };
		491EB2B3256464C700C30283 /* AuftaktUITests.xctest */ = {isa = PBXFileReference; explicitFileType = wrapper.cfbundle; includeInIndex = 0; path = AuftaktUITests.xctest; sourceTree = BUILT_PRODUCTS_DIR; };
		491EB2B7256464C700C30283 /* AuftaktUITests.swift */ = {isa = PBXFileReference; lastKnownFileType = sourcecode.swift; path = AuftaktUITests.swift; sourceTree = "<group>"; };
		491EB2B9256464C700C30283 /* Info.plist */ = {isa = PBXFileReference; lastKnownFileType = text.plist.xml; path = Info.plist; sourceTree = "<group>"; };
		491EB2D02564650600C30283 /* tb.wav */ = {isa = PBXFileReference; lastKnownFileType = audio.wav; path = tb.wav; sourceTree = "<group>"; };
		491EB2D12564650600C30283 /* beep.wav */ = {isa = PBXFileReference; lastKnownFileType = audio.wav; path = beep.wav; sourceTree = "<group>"; };
		491EB2D22564650600C30283 /* tw.wav */ = {isa = PBXFileReference; lastKnownFileType = audio.wav; path = tw.wav; sourceTree = "<group>"; };
		491EB2D32564650600C30283 /* wbh.wav */ = {isa = PBXFileReference; lastKnownFileType = audio.wav; path = wbh.wav; sourceTree = "<group>"; };
		491EB2D42564650600C30283 /* wbl.wav */ = {isa = PBXFileReference; lastKnownFileType = audio.wav; path = wbl.wav; sourceTree = "<group>"; };
		491EB2DE2564657B00C30283 /* TabTempo.swift */ = {isa = PBXFileReference; fileEncoding = 4; lastKnownFileType = sourcecode.swift; path = TabTempo.swift; sourceTree = "<group>"; };
		491EB2DF2564657B00C30283 /* Note.swift */ = {isa = PBXFileReference; fileEncoding = 4; lastKnownFileType = sourcecode.swift; path = Note.swift; sourceTree = "<group>"; };
		491EB2E02564657B00C30283 /* Subdiv.swift */ = {isa = PBXFileReference; fileEncoding = 4; lastKnownFileType = sourcecode.swift; path = Subdiv.swift; sourceTree = "<group>"; };
		491EB2E12564657B00C30283 /* Metronome.swift */ = {isa = PBXFileReference; fileEncoding = 4; lastKnownFileType = sourcecode.swift; path = Metronome.swift; sourceTree = "<group>"; };
		491EB2E22564657B00C30283 /* Tempo.swift */ = {isa = PBXFileReference; fileEncoding = 4; lastKnownFileType = sourcecode.swift; path = Tempo.swift; sourceTree = "<group>"; };
		491EB2E32564657B00C30283 /* Measure.swift */ = {isa = PBXFileReference; fileEncoding = 4; lastKnownFileType = sourcecode.swift; path = Measure.swift; sourceTree = "<group>"; };
		491EB2E42564657B00C30283 /* Practice.swift */ = {isa = PBXFileReference; fileEncoding = 4; lastKnownFileType = sourcecode.swift; path = Practice.swift; sourceTree = "<group>"; };
		491EB2E52564657B00C30283 /* PracticePreset.swift */ = {isa = PBXFileReference; fileEncoding = 4; lastKnownFileType = sourcecode.swift; path = PracticePreset.swift; sourceTree = "<group>"; };
		491EB2E62564657B00C30283 /* MetronomePreset.swift */ = {isa = PBXFileReference; fileEncoding = 4; lastKnownFileType = sourcecode.swift; path = MetronomePreset.swift; sourceTree = "<group>"; };
		491EB2E72564657B00C30283 /* Extensions.swift */ = {isa = PBXFileReference; fileEncoding = 4; lastKnownFileType = sourcecode.swift; path = Extensions.swift; sourceTree = "<group>"; };
		491EB2FE256465AE00C30283 /* MetronomeRunner.swift */ = {isa = PBXFileReference; fileEncoding = 4; lastKnownFileType = sourcecode.swift; path = MetronomeRunner.swift; sourceTree = "<group>"; };
		491EB2FF256465AE00C30283 /* PracticeRunner.swift */ = {isa = PBXFileReference; fileEncoding = 4; lastKnownFileType = sourcecode.swift; path = PracticeRunner.swift; sourceTree = "<group>"; };
		491EB300256465AE00C30283 /* Runner.swift */ = {isa = PBXFileReference; fileEncoding = 4; lastKnownFileType = sourcecode.swift; path = Runner.swift; sourceTree = "<group>"; };
		491EB301256465AE00C30283 /* Sounds.swift */ = {isa = PBXFileReference; fileEncoding = 4; lastKnownFileType = sourcecode.swift; path = Sounds.swift; sourceTree = "<group>"; };
		491EB30D2564660D00C30283 /* MeasureView.swift */ = {isa = PBXFileReference; fileEncoding = 4; lastKnownFileType = sourcecode.swift; path = MeasureView.swift; sourceTree = "<group>"; };
		491EB30E2564660D00C30283 /* MeasureSettings.swift */ = {isa = PBXFileReference; fileEncoding = 4; lastKnownFileType = sourcecode.swift; path = MeasureSettings.swift; sourceTree = "<group>"; };
		491EB30F2564660D00C30283 /* AccentsView.swift */ = {isa = PBXFileReference; fileEncoding = 4; lastKnownFileType = sourcecode.swift; path = AccentsView.swift; sourceTree = "<group>"; };
		491EB3102564660D00C30283 /* SubdivView.swift */ = {isa = PBXFileReference; fileEncoding = 4; lastKnownFileType = sourcecode.swift; path = SubdivView.swift; sourceTree = "<group>"; };
		491EB3112564660D00C30283 /* TempoView.swift */ = {isa = PBXFileReference; fileEncoding = 4; lastKnownFileType = sourcecode.swift; path = TempoView.swift; sourceTree = "<group>"; };
		491EB3122564660E00C30283 /* InstrumentListView.swift */ = {isa = PBXFileReference; fileEncoding = 4; lastKnownFileType = sourcecode.swift; path = InstrumentListView.swift; sourceTree = "<group>"; };
		491EB3132564660E00C30283 /* RunnerView.swift */ = {isa = PBXFileReference; fileEncoding = 4; lastKnownFileType = sourcecode.swift; path = RunnerView.swift; sourceTree = "<group>"; };
		491EB31E2564661A00C30283 /* TapTempoView.swift */ = {isa = PBXFileReference; fileEncoding = 4; lastKnownFileType = sourcecode.swift; path = TapTempoView.swift; sourceTree = "<group>"; };
		491EB31F2564661A00C30283 /* MetronomeView.swift */ = {isa = PBXFileReference; fileEncoding = 4; lastKnownFileType = sourcecode.swift; path = MetronomeView.swift; sourceTree = "<group>"; };
		491EB3202564661A00C30283 /* CircularSlider.swift */ = {isa = PBXFileReference; fileEncoding = 4; lastKnownFileType = sourcecode.swift; path = CircularSlider.swift; sourceTree = "<group>"; };
		491EB3212564661A00C30283 /* MetronomePresetViews.swift */ = {isa = PBXFileReference; fileEncoding = 4; lastKnownFileType = sourcecode.swift; path = MetronomePresetViews.swift; sourceTree = "<group>"; };
		491EB3292564662400C30283 /* BarView.swift */ = {isa = PBXFileReference; fileEncoding = 4; lastKnownFileType = sourcecode.swift; path = BarView.swift; sourceTree = "<group>"; };
		491EB32A2564662400C30283 /* StartGoalView.swift */ = {isa = PBXFileReference; fileEncoding = 4; lastKnownFileType = sourcecode.swift; path = StartGoalView.swift; sourceTree = "<group>"; };
		491EB32B2564662400C30283 /* PracticePresetViews.swift */ = {isa = PBXFileReference; fileEncoding = 4; lastKnownFileType = sourcecode.swift; path = PracticePresetViews.swift; sourceTree = "<group>"; };
		491EB32C2564662400C30283 /* PracticeView.swift */ = {isa = PBXFileReference; fileEncoding = 4; lastKnownFileType = sourcecode.swift; path = PracticeView.swift; sourceTree = "<group>"; };
		491EB32D2564662400C30283 /* PracticeSettingsView.swift */ = {isa = PBXFileReference; fileEncoding = 4; lastKnownFileType = sourcecode.swift; path = PracticeSettingsView.swift; sourceTree = "<group>"; };
		491EB32E2564662400C30283 /* RotationalView.swift */ = {isa = PBXFileReference; fileEncoding = 4; lastKnownFileType = sourcecode.swift; path = RotationalView.swift; sourceTree = "<group>"; };
		491EB3382564663A00C30283 /* ContentView.swift */ = {isa = PBXFileReference; fileEncoding = 4; lastKnownFileType = sourcecode.swift; path = ContentView.swift; sourceTree = "<group>"; };
		491EB3402564665F00C30283 /* NoteTests.swift */ = {isa = PBXFileReference; fileEncoding = 4; lastKnownFileType = sourcecode.swift; path = NoteTests.swift; sourceTree = "<group>"; };
		491EB3412564665F00C30283 /* TempoTests.swift */ = {isa = PBXFileReference; fileEncoding = 4; lastKnownFileType = sourcecode.swift; path = TempoTests.swift; sourceTree = "<group>"; };
		491EB3422564665F00C30283 /* TabTempoTests.swift */ = {isa = PBXFileReference; fileEncoding = 4; lastKnownFileType = sourcecode.swift; path = TabTempoTests.swift; sourceTree = "<group>"; };
		491EB3432564665F00C30283 /* SoundsTests.swift */ = {isa = PBXFileReference; fileEncoding = 4; lastKnownFileType = sourcecode.swift; path = SoundsTests.swift; sourceTree = "<group>"; };
		491EB3442564665F00C30283 /* SubdivTests.swift */ = {isa = PBXFileReference; fileEncoding = 4; lastKnownFileType = sourcecode.swift; path = SubdivTests.swift; sourceTree = "<group>"; };
		491EB3452564665F00C30283 /* MeasureTests.swift */ = {isa = PBXFileReference; fileEncoding = 4; lastKnownFileType = sourcecode.swift; path = MeasureTests.swift; sourceTree = "<group>"; };
		491EB3462564665F00C30283 /* MetronomeTests.swift */ = {isa = PBXFileReference; fileEncoding = 4; lastKnownFileType = sourcecode.swift; path = MetronomeTests.swift; sourceTree = "<group>"; };
		491EB3472564665F00C30283 /* PracticeTests.swift */ = {isa = PBXFileReference; fileEncoding = 4; lastKnownFileType = sourcecode.swift; path = PracticeTests.swift; sourceTree = "<group>"; };
		491EB3572564671700C30283 /* en */ = {isa = PBXFileReference; lastKnownFileType = text.plist.stringsdict; name = en; path = en.lproj/Localizable.stringsdict; sourceTree = "<group>"; };
		491EB35D2564672600C30283 /* en */ = {isa = PBXFileReference; lastKnownFileType = text.plist.strings; name = en; path = en.lproj/Localizable.strings; sourceTree = "<group>"; };
		491EB3622564675700C30283 /* de */ = {isa = PBXFileReference; lastKnownFileType = text.plist.strings; name = de; path = de.lproj/Localizable.strings; sourceTree = "<group>"; };
		491EB3662564675700C30283 /* de */ = {isa = PBXFileReference; lastKnownFileType = text.plist.stringsdict; name = de; path = de.lproj/Localizable.stringsdict; sourceTree = "<group>"; };
		491EB36D2564682200C30283 /* Assets.xcassets */ = {isa = PBXFileReference; lastKnownFileType = folder.assetcatalog; path = Assets.xcassets; sourceTree = "<group>"; };
		495CB1F4257837AE00439E3C /* c78h.wav */ = {isa = PBXFileReference; lastKnownFileType = audio.wav; path = c78h.wav; sourceTree = "<group>"; };
		495CB1F5257837AE00439E3C /* c78l.wav */ = {isa = PBXFileReference; lastKnownFileType = audio.wav; path = c78l.wav; sourceTree = "<group>"; };
/* End PBXFileReference section */

/* Begin PBXFrameworksBuildPhase section */
		491EB294256464C500C30283 /* Frameworks */ = {
			isa = PBXFrameworksBuildPhase;
			buildActionMask = 2147483647;
			files = (
			);
			runOnlyForDeploymentPostprocessing = 0;
		};
		491EB2A5256464C700C30283 /* Frameworks */ = {
			isa = PBXFrameworksBuildPhase;
			buildActionMask = 2147483647;
			files = (
			);
			runOnlyForDeploymentPostprocessing = 0;
		};
		491EB2B0256464C700C30283 /* Frameworks */ = {
			isa = PBXFrameworksBuildPhase;
			buildActionMask = 2147483647;
			files = (
			);
			runOnlyForDeploymentPostprocessing = 0;
		};
/* End PBXFrameworksBuildPhase section */

/* Begin PBXGroup section */
		491EB28E256464C500C30283 = {
			isa = PBXGroup;
			children = (
				490B016D2566B5030034B0FC /* README.md */,
				491EB299256464C500C30283 /* Auftakt */,
				491EB2AB256464C700C30283 /* AuftaktTests */,
				491EB2B6256464C700C30283 /* AuftaktUITests */,
				491EB298256464C500C30283 /* Products */,
			);
			sourceTree = "<group>";
		};
		491EB298256464C500C30283 /* Products */ = {
			isa = PBXGroup;
			children = (
				491EB297256464C500C30283 /* Auftakt.app */,
				491EB2A8256464C700C30283 /* AuftaktTests.xctest */,
				491EB2B3256464C700C30283 /* AuftaktUITests.xctest */,
			);
			name = Products;
			sourceTree = "<group>";
		};
		491EB299256464C500C30283 /* Auftakt */ = {
			isa = PBXGroup;
			children = (
				491EB35E2564672600C30283 /* Localizable.strings */,
				491EB3582564671700C30283 /* Localizable.stringsdict */,
				491EB36D2564682200C30283 /* Assets.xcassets */,
				491EB309256465C900C30283 /* Views */,
				491EB2DD2564655B00C30283 /* Models */,
				491EB2C8256464DC00C30283 /* Sounds */,
				491EB29A256464C500C30283 /* AuftaktApp.swift */,
				491EB2A3256464C700C30283 /* Info.plist */,
				491EB2A0256464C700C30283 /* Preview Content */,
			);
			path = Auftakt;
			sourceTree = "<group>";
		};
		491EB2A0256464C700C30283 /* Preview Content */ = {
			isa = PBXGroup;
			children = (
				491EB2A1256464C700C30283 /* Preview Assets.xcassets */,
			);
			path = "Preview Content";
			sourceTree = "<group>";
		};
		491EB2AB256464C700C30283 /* AuftaktTests */ = {
			isa = PBXGroup;
			children = (
				491EB3452564665F00C30283 /* MeasureTests.swift */,
				491EB3462564665F00C30283 /* MetronomeTests.swift */,
				491EB3402564665F00C30283 /* NoteTests.swift */,
				491EB3472564665F00C30283 /* PracticeTests.swift */,
				491EB3432564665F00C30283 /* SoundsTests.swift */,
				491EB3442564665F00C30283 /* SubdivTests.swift */,
				491EB3422564665F00C30283 /* TabTempoTests.swift */,
				491EB3412564665F00C30283 /* TempoTests.swift */,
				491EB2AC256464C700C30283 /* AuftaktTests.swift */,
				491EB2AE256464C700C30283 /* Info.plist */,
			);
			path = AuftaktTests;
			sourceTree = "<group>";
		};
		491EB2B6256464C700C30283 /* AuftaktUITests */ = {
			isa = PBXGroup;
			children = (
				491EB2B7256464C700C30283 /* AuftaktUITests.swift */,
				491EB2B9256464C700C30283 /* Info.plist */,
			);
			path = AuftaktUITests;
			sourceTree = "<group>";
		};
		491EB2C8256464DC00C30283 /* Sounds */ = {
			isa = PBXGroup;
			children = (
				495CB1F4257837AE00439E3C /* c78h.wav */,
				495CB1F5257837AE00439E3C /* c78l.wav */,
				491EB2D12564650600C30283 /* beep.wav */,
				491EB2D02564650600C30283 /* tb.wav */,
				491EB2D22564650600C30283 /* tw.wav */,
				491EB2D32564650600C30283 /* wbh.wav */,
				491EB2D42564650600C30283 /* wbl.wav */,
			);
			path = Sounds;
			sourceTree = "<group>";
		};
		491EB2DD2564655B00C30283 /* Models */ = {
			isa = PBXGroup;
			children = (
				491EB2FD256465A300C30283 /* Runner */,
				491EB2E72564657B00C30283 /* Extensions.swift */,
				491EB2E32564657B00C30283 /* Measure.swift */,
				491EB2E12564657B00C30283 /* Metronome.swift */,
				491EB2E62564657B00C30283 /* MetronomePreset.swift */,
				491EB2DF2564657B00C30283 /* Note.swift */,
				491EB2E42564657B00C30283 /* Practice.swift */,
				491EB2E52564657B00C30283 /* PracticePreset.swift */,
				491EB2E02564657B00C30283 /* Subdiv.swift */,
				491EB2DE2564657B00C30283 /* TabTempo.swift */,
				491EB2E22564657B00C30283 /* Tempo.swift */,
			);
			path = Models;
			sourceTree = "<group>";
		};
		491EB2FD256465A300C30283 /* Runner */ = {
			isa = PBXGroup;
			children = (
				491EB2FE256465AE00C30283 /* MetronomeRunner.swift */,
				491EB2FF256465AE00C30283 /* PracticeRunner.swift */,
				491EB300256465AE00C30283 /* Runner.swift */,
				491EB301256465AE00C30283 /* Sounds.swift */,
			);
			path = Runner;
			sourceTree = "<group>";
		};
		491EB309256465C900C30283 /* Views */ = {
			isa = PBXGroup;
			children = (
				491EB3382564663A00C30283 /* ContentView.swift */,
				491EB30A256465D100C30283 /* Generic */,
				491EB30B256465D900C30283 /* Metronome */,
				491EB30C256465E100C30283 /* Practice */,
			);
			path = Views;
			sourceTree = "<group>";
		};
		491EB30A256465D100C30283 /* Generic */ = {
			isa = PBXGroup;
			children = (
				491EB30F2564660D00C30283 /* AccentsView.swift */,
				491EB3122564660E00C30283 /* InstrumentListView.swift */,
				491EB30E2564660D00C30283 /* MeasureSettings.swift */,
				491EB30D2564660D00C30283 /* MeasureView.swift */,
				491EB3132564660E00C30283 /* RunnerView.swift */,
				491EB3102564660D00C30283 /* SubdivView.swift */,
				491EB3112564660D00C30283 /* TempoView.swift */,
			);
			path = Generic;
			sourceTree = "<group>";
		};
		491EB30B256465D900C30283 /* Metronome */ = {
			isa = PBXGroup;
			children = (
				491EB3202564661A00C30283 /* CircularSlider.swift */,
				491EB3212564661A00C30283 /* MetronomePresetViews.swift */,
				491EB31F2564661A00C30283 /* MetronomeView.swift */,
				491EB31E2564661A00C30283 /* TapTempoView.swift */,
			);
			path = Metronome;
			sourceTree = "<group>";
		};
		491EB30C256465E100C30283 /* Practice */ = {
			isa = PBXGroup;
			children = (
				491EB3292564662400C30283 /* BarView.swift */,
				491EB32B2564662400C30283 /* PracticePresetViews.swift */,
				491EB32D2564662400C30283 /* PracticeSettingsView.swift */,
				491EB32C2564662400C30283 /* PracticeView.swift */,
				491EB32E2564662400C30283 /* RotationalView.swift */,
				491EB32A2564662400C30283 /* StartGoalView.swift */,
			);
			path = Practice;
			sourceTree = "<group>";
		};
/* End PBXGroup section */

/* Begin PBXNativeTarget section */
		491EB296256464C500C30283 /* Auftakt */ = {
			isa = PBXNativeTarget;
			buildConfigurationList = 491EB2BC256464C700C30283 /* Build configuration list for PBXNativeTarget "Auftakt" */;
			buildPhases = (
				491EB293256464C500C30283 /* Sources */,
				491EB294256464C500C30283 /* Frameworks */,
				491EB295256464C500C30283 /* Resources */,
			);
			buildRules = (
			);
			dependencies = (
			);
			name = Auftakt;
			productName = Auftakt;
			productReference = 491EB297256464C500C30283 /* Auftakt.app */;
			productType = "com.apple.product-type.application";
		};
		491EB2A7256464C700C30283 /* AuftaktTests */ = {
			isa = PBXNativeTarget;
			buildConfigurationList = 491EB2BF256464C700C30283 /* Build configuration list for PBXNativeTarget "AuftaktTests" */;
			buildPhases = (
				491EB2A4256464C700C30283 /* Sources */,
				491EB2A5256464C700C30283 /* Frameworks */,
				491EB2A6256464C700C30283 /* Resources */,
			);
			buildRules = (
			);
			dependencies = (
				491EB2AA256464C700C30283 /* PBXTargetDependency */,
			);
			name = AuftaktTests;
			productName = AuftaktTests;
			productReference = 491EB2A8256464C700C30283 /* AuftaktTests.xctest */;
			productType = "com.apple.product-type.bundle.unit-test";
		};
		491EB2B2256464C700C30283 /* AuftaktUITests */ = {
			isa = PBXNativeTarget;
			buildConfigurationList = 491EB2C2256464C700C30283 /* Build configuration list for PBXNativeTarget "AuftaktUITests" */;
			buildPhases = (
				491EB2AF256464C700C30283 /* Sources */,
				491EB2B0256464C700C30283 /* Frameworks */,
				491EB2B1256464C700C30283 /* Resources */,
			);
			buildRules = (
			);
			dependencies = (
				491EB2B5256464C700C30283 /* PBXTargetDependency */,
			);
			name = AuftaktUITests;
			productName = AuftaktUITests;
			productReference = 491EB2B3256464C700C30283 /* AuftaktUITests.xctest */;
			productType = "com.apple.product-type.bundle.ui-testing";
		};
/* End PBXNativeTarget section */

/* Begin PBXProject section */
		491EB28F256464C500C30283 /* Project object */ = {
			isa = PBXProject;
			attributes = {
				LastSwiftUpdateCheck = 1220;
				LastUpgradeCheck = 1220;
				TargetAttributes = {
					491EB296256464C500C30283 = {
						CreatedOnToolsVersion = 12.2;
					};
					491EB2A7256464C700C30283 = {
						CreatedOnToolsVersion = 12.2;
						TestTargetID = 491EB296256464C500C30283;
					};
					491EB2B2256464C700C30283 = {
						CreatedOnToolsVersion = 12.2;
						TestTargetID = 491EB296256464C500C30283;
					};
				};
			};
			buildConfigurationList = 491EB292256464C500C30283 /* Build configuration list for PBXProject "Auftakt" */;
			compatibilityVersion = "Xcode 9.3";
			developmentRegion = en;
			hasScannedForEncodings = 0;
			knownRegions = (
				en,
				Base,
				de,
			);
			mainGroup = 491EB28E256464C500C30283;
			productRefGroup = 491EB298256464C500C30283 /* Products */;
			projectDirPath = "";
			projectRoot = "";
			targets = (
				491EB296256464C500C30283 /* Auftakt */,
				491EB2A7256464C700C30283 /* AuftaktTests */,
				491EB2B2256464C700C30283 /* AuftaktUITests */,
			);
		};
/* End PBXProject section */

/* Begin PBXResourcesBuildPhase section */
		491EB295256464C500C30283 /* Resources */ = {
			isa = PBXResourcesBuildPhase;
			buildActionMask = 2147483647;
			files = (
				495CB1F6257837AE00439E3C /* c78h.wav in Resources */,
				491EB2D62564650600C30283 /* beep.wav in Resources */,
				495CB1F7257837AE00439E3C /* c78l.wav in Resources */,
				491EB2D52564650600C30283 /* tb.wav in Resources */,
				491EB2A2256464C700C30283 /* Preview Assets.xcassets in Resources */,
				491EB2D92564650600C30283 /* wbl.wav in Resources */,
				491EB3562564671700C30283 /* Localizable.stringsdict in Resources */,
				491EB2D82564650600C30283 /* wbh.wav in Resources */,
				491EB35C2564672600C30283 /* Localizable.strings in Resources */,
				491EB36E2564682200C30283 /* Assets.xcassets in Resources */,
				491EB2D72564650600C30283 /* tw.wav in Resources */,
			);
			runOnlyForDeploymentPostprocessing = 0;
		};
		491EB2A6256464C700C30283 /* Resources */ = {
			isa = PBXResourcesBuildPhase;
			buildActionMask = 2147483647;
			files = (
			);
			runOnlyForDeploymentPostprocessing = 0;
		};
		491EB2B1256464C700C30283 /* Resources */ = {
			isa = PBXResourcesBuildPhase;
			buildActionMask = 2147483647;
			files = (
			);
			runOnlyForDeploymentPostprocessing = 0;
		};
/* End PBXResourcesBuildPhase section */

/* Begin PBXSourcesBuildPhase section */
		491EB293256464C500C30283 /* Sources */ = {
			isa = PBXSourcesBuildPhase;
			buildActionMask = 2147483647;
			files = (
				491EB32F2564662400C30283 /* BarView.swift in Sources */,
				491EB2EE2564657B00C30283 /* Practice.swift in Sources */,
				491EB2EB2564657B00C30283 /* Metronome.swift in Sources */,
				491EB3242564661A00C30283 /* CircularSlider.swift in Sources */,
				491EB305256465AE00C30283 /* Sounds.swift in Sources */,
				491EB2EF2564657B00C30283 /* PracticePreset.swift in Sources */,
				491EB3342564662400C30283 /* RotationalView.swift in Sources */,
				491EB2ED2564657B00C30283 /* Measure.swift in Sources */,
				491EB2EA2564657B00C30283 /* Subdiv.swift in Sources */,
				491EB3322564662400C30283 /* PracticeView.swift in Sources */,
				491EB3172564660E00C30283 /* SubdivView.swift in Sources */,
				491EB3312564662400C30283 /* PracticePresetViews.swift in Sources */,
				491EB3332564662400C30283 /* PracticeSettingsView.swift in Sources */,
				491EB3162564660E00C30283 /* AccentsView.swift in Sources */,
				491EB3192564660E00C30283 /* InstrumentListView.swift in Sources */,
				491EB31A2564660E00C30283 /* RunnerView.swift in Sources */,
				491EB3152564660E00C30283 /* MeasureSettings.swift in Sources */,
				491EB29B256464C500C30283 /* AuftaktApp.swift in Sources */,
				491EB2F12564657B00C30283 /* Extensions.swift in Sources */,
				491EB303256465AE00C30283 /* PracticeRunner.swift in Sources */,
				491EB2F02564657B00C30283 /* MetronomePreset.swift in Sources */,
				491EB302256465AE00C30283 /* MetronomeRunner.swift in Sources */,
				491EB3252564661A00C30283 /* MetronomePresetViews.swift in Sources */,
				491EB3392564663A00C30283 /* ContentView.swift in Sources */,
				491EB3142564660E00C30283 /* MeasureView.swift in Sources */,
				491EB3222564661A00C30283 /* TapTempoView.swift in Sources */,
				491EB3302564662400C30283 /* StartGoalView.swift in Sources */,
				491EB3182564660E00C30283 /* TempoView.swift in Sources */,
				491EB2E82564657B00C30283 /* TabTempo.swift in Sources */,
				491EB3232564661A00C30283 /* MetronomeView.swift in Sources */,
				491EB304256465AE00C30283 /* Runner.swift in Sources */,
				491EB2E92564657B00C30283 /* Note.swift in Sources */,
				491EB2EC2564657B00C30283 /* Tempo.swift in Sources */,
			);
			runOnlyForDeploymentPostprocessing = 0;
		};
		491EB2A4256464C700C30283 /* Sources */ = {
			isa = PBXSourcesBuildPhase;
			buildActionMask = 2147483647;
			files = (
				491EB34E2564665F00C30283 /* MetronomeTests.swift in Sources */,
				491EB2AD256464C700C30283 /* AuftaktTests.swift in Sources */,
				491EB34A2564665F00C30283 /* TabTempoTests.swift in Sources */,
				491EB34D2564665F00C30283 /* MeasureTests.swift in Sources */,
				491EB34F2564665F00C30283 /* PracticeTests.swift in Sources */,
				491EB34C2564665F00C30283 /* SubdivTests.swift in Sources */,
				491EB3492564665F00C30283 /* TempoTests.swift in Sources */,
				491EB3482564665F00C30283 /* NoteTests.swift in Sources */,
				491EB34B2564665F00C30283 /* SoundsTests.swift in Sources */,
			);
			runOnlyForDeploymentPostprocessing = 0;
		};
		491EB2AF256464C700C30283 /* Sources */ = {
			isa = PBXSourcesBuildPhase;
			buildActionMask = 2147483647;
			files = (
				491EB2B8256464C700C30283 /* AuftaktUITests.swift in Sources */,
			);
			runOnlyForDeploymentPostprocessing = 0;
		};
/* End PBXSourcesBuildPhase section */

/* Begin PBXTargetDependency section */
		491EB2AA256464C700C30283 /* PBXTargetDependency */ = {
			isa = PBXTargetDependency;
			target = 491EB296256464C500C30283 /* Auftakt */;
			targetProxy = 491EB2A9256464C700C30283 /* PBXContainerItemProxy */;
		};
		491EB2B5256464C700C30283 /* PBXTargetDependency */ = {
			isa = PBXTargetDependency;
			target = 491EB296256464C500C30283 /* Auftakt */;
			targetProxy = 491EB2B4256464C700C30283 /* PBXContainerItemProxy */;
		};
/* End PBXTargetDependency section */

/* Begin PBXVariantGroup section */
		491EB3582564671700C30283 /* Localizable.stringsdict */ = {
			isa = PBXVariantGroup;
			children = (
				491EB3572564671700C30283 /* en */,
				491EB3662564675700C30283 /* de */,
			);
			name = Localizable.stringsdict;
			sourceTree = "<group>";
		};
		491EB35E2564672600C30283 /* Localizable.strings */ = {
			isa = PBXVariantGroup;
			children = (
				491EB35D2564672600C30283 /* en */,
				491EB3622564675700C30283 /* de */,
			);
			name = Localizable.strings;
			sourceTree = "<group>";
		};
/* End PBXVariantGroup section */

/* Begin XCBuildConfiguration section */
		491EB2BA256464C700C30283 /* Debug */ = {
			isa = XCBuildConfiguration;
			buildSettings = {
				ALWAYS_SEARCH_USER_PATHS = NO;
				CLANG_ANALYZER_LOCALIZABILITY_NONLOCALIZED = YES;
				CLANG_ANALYZER_NONNULL = YES;
				CLANG_ANALYZER_NUMBER_OBJECT_CONVERSION = YES_AGGRESSIVE;
				CLANG_CXX_LANGUAGE_STANDARD = "gnu++14";
				CLANG_CXX_LIBRARY = "libc++";
				CLANG_ENABLE_MODULES = YES;
				CLANG_ENABLE_OBJC_ARC = YES;
				CLANG_ENABLE_OBJC_WEAK = YES;
				CLANG_WARN_BLOCK_CAPTURE_AUTORELEASING = YES;
				CLANG_WARN_BOOL_CONVERSION = YES;
				CLANG_WARN_COMMA = YES;
				CLANG_WARN_CONSTANT_CONVERSION = YES;
				CLANG_WARN_DEPRECATED_OBJC_IMPLEMENTATIONS = YES;
				CLANG_WARN_DIRECT_OBJC_ISA_USAGE = YES_ERROR;
				CLANG_WARN_DOCUMENTATION_COMMENTS = YES;
				CLANG_WARN_EMPTY_BODY = YES;
				CLANG_WARN_ENUM_CONVERSION = YES;
				CLANG_WARN_INFINITE_RECURSION = YES;
				CLANG_WARN_INT_CONVERSION = YES;
				CLANG_WARN_NON_LITERAL_NULL_CONVERSION = YES;
				CLANG_WARN_OBJC_IMPLICIT_RETAIN_SELF = YES;
				CLANG_WARN_OBJC_LITERAL_CONVERSION = YES;
				CLANG_WARN_OBJC_ROOT_CLASS = YES_ERROR;
				CLANG_WARN_QUOTED_INCLUDE_IN_FRAMEWORK_HEADER = YES;
				CLANG_WARN_RANGE_LOOP_ANALYSIS = YES;
				CLANG_WARN_STRICT_PROTOTYPES = YES;
				CLANG_WARN_SUSPICIOUS_MOVE = YES;
				CLANG_WARN_UNGUARDED_AVAILABILITY = YES_AGGRESSIVE;
				CLANG_WARN_UNREACHABLE_CODE = YES;
				CLANG_WARN__DUPLICATE_METHOD_MATCH = YES;
				COPY_PHASE_STRIP = NO;
				DEBUG_INFORMATION_FORMAT = dwarf;
				ENABLE_STRICT_OBJC_MSGSEND = YES;
				ENABLE_TESTABILITY = YES;
				GCC_C_LANGUAGE_STANDARD = gnu11;
				GCC_DYNAMIC_NO_PIC = NO;
				GCC_NO_COMMON_BLOCKS = YES;
				GCC_OPTIMIZATION_LEVEL = 0;
				GCC_PREPROCESSOR_DEFINITIONS = (
					"DEBUG=1",
					"$(inherited)",
				);
				GCC_WARN_64_TO_32_BIT_CONVERSION = YES;
				GCC_WARN_ABOUT_RETURN_TYPE = YES_ERROR;
				GCC_WARN_UNDECLARED_SELECTOR = YES;
				GCC_WARN_UNINITIALIZED_AUTOS = YES_AGGRESSIVE;
				GCC_WARN_UNUSED_FUNCTION = YES;
				GCC_WARN_UNUSED_VARIABLE = YES;
				IPHONEOS_DEPLOYMENT_TARGET = 13.6;
				MTL_ENABLE_DEBUG_INFO = INCLUDE_SOURCE;
				MTL_FAST_MATH = YES;
				ONLY_ACTIVE_ARCH = YES;
				SDKROOT = iphoneos;
				SWIFT_ACTIVE_COMPILATION_CONDITIONS = DEBUG;
				SWIFT_OPTIMIZATION_LEVEL = "-Onone";
			};
			name = Debug;
		};
		491EB2BB256464C700C30283 /* Release */ = {
			isa = XCBuildConfiguration;
			buildSettings = {
				ALWAYS_SEARCH_USER_PATHS = NO;
				CLANG_ANALYZER_LOCALIZABILITY_NONLOCALIZED = YES;
				CLANG_ANALYZER_NONNULL = YES;
				CLANG_ANALYZER_NUMBER_OBJECT_CONVERSION = YES_AGGRESSIVE;
				CLANG_CXX_LANGUAGE_STANDARD = "gnu++14";
				CLANG_CXX_LIBRARY = "libc++";
				CLANG_ENABLE_MODULES = YES;
				CLANG_ENABLE_OBJC_ARC = YES;
				CLANG_ENABLE_OBJC_WEAK = YES;
				CLANG_WARN_BLOCK_CAPTURE_AUTORELEASING = YES;
				CLANG_WARN_BOOL_CONVERSION = YES;
				CLANG_WARN_COMMA = YES;
				CLANG_WARN_CONSTANT_CONVERSION = YES;
				CLANG_WARN_DEPRECATED_OBJC_IMPLEMENTATIONS = YES;
				CLANG_WARN_DIRECT_OBJC_ISA_USAGE = YES_ERROR;
				CLANG_WARN_DOCUMENTATION_COMMENTS = YES;
				CLANG_WARN_EMPTY_BODY = YES;
				CLANG_WARN_ENUM_CONVERSION = YES;
				CLANG_WARN_INFINITE_RECURSION = YES;
				CLANG_WARN_INT_CONVERSION = YES;
				CLANG_WARN_NON_LITERAL_NULL_CONVERSION = YES;
				CLANG_WARN_OBJC_IMPLICIT_RETAIN_SELF = YES;
				CLANG_WARN_OBJC_LITERAL_CONVERSION = YES;
				CLANG_WARN_OBJC_ROOT_CLASS = YES_ERROR;
				CLANG_WARN_QUOTED_INCLUDE_IN_FRAMEWORK_HEADER = YES;
				CLANG_WARN_RANGE_LOOP_ANALYSIS = YES;
				CLANG_WARN_STRICT_PROTOTYPES = YES;
				CLANG_WARN_SUSPICIOUS_MOVE = YES;
				CLANG_WARN_UNGUARDED_AVAILABILITY = YES_AGGRESSIVE;
				CLANG_WARN_UNREACHABLE_CODE = YES;
				CLANG_WARN__DUPLICATE_METHOD_MATCH = YES;
				COPY_PHASE_STRIP = NO;
				DEBUG_INFORMATION_FORMAT = "dwarf-with-dsym";
				ENABLE_NS_ASSERTIONS = NO;
				ENABLE_STRICT_OBJC_MSGSEND = YES;
				GCC_C_LANGUAGE_STANDARD = gnu11;
				GCC_NO_COMMON_BLOCKS = YES;
				GCC_WARN_64_TO_32_BIT_CONVERSION = YES;
				GCC_WARN_ABOUT_RETURN_TYPE = YES_ERROR;
				GCC_WARN_UNDECLARED_SELECTOR = YES;
				GCC_WARN_UNINITIALIZED_AUTOS = YES_AGGRESSIVE;
				GCC_WARN_UNUSED_FUNCTION = YES;
				GCC_WARN_UNUSED_VARIABLE = YES;
				IPHONEOS_DEPLOYMENT_TARGET = 13.6;
				MTL_ENABLE_DEBUG_INFO = NO;
				MTL_FAST_MATH = YES;
				SDKROOT = iphoneos;
				SWIFT_COMPILATION_MODE = wholemodule;
				SWIFT_OPTIMIZATION_LEVEL = "-O";
				VALIDATE_PRODUCT = YES;
			};
			name = Release;
		};
		491EB2BD256464C700C30283 /* Debug */ = {
			isa = XCBuildConfiguration;
			buildSettings = {
				ASSETCATALOG_COMPILER_APPICON_NAME = AppIcon;
				ASSETCATALOG_COMPILER_GLOBAL_ACCENT_COLOR_NAME = AccentColor;
				CODE_SIGN_STYLE = Automatic;
				DEVELOPMENT_ASSET_PATHS = "\"Auftakt/Preview Content\"";
				DEVELOPMENT_TEAM = J6HU7FZCS8;
				ENABLE_PREVIEWS = YES;
				INFOPLIST_FILE = Auftakt/Info.plist;
				IPHONEOS_DEPLOYMENT_TARGET = 14.0;
				LD_RUNPATH_SEARCH_PATHS = (
					"$(inherited)",
					"@executable_path/Frameworks",
				);
				PRODUCT_BUNDLE_IDENTIFIER = com.github.thestoneage.Auftakt;
				PRODUCT_NAME = "$(TARGET_NAME)";
				SWIFT_VERSION = 5.0;
				TARGETED_DEVICE_FAMILY = 1;
			};
			name = Debug;
		};
		491EB2BE256464C700C30283 /* Release */ = {
			isa = XCBuildConfiguration;
			buildSettings = {
				ASSETCATALOG_COMPILER_APPICON_NAME = AppIcon;
				ASSETCATALOG_COMPILER_GLOBAL_ACCENT_COLOR_NAME = AccentColor;
				CODE_SIGN_STYLE = Automatic;
				DEVELOPMENT_ASSET_PATHS = "\"Auftakt/Preview Content\"";
				DEVELOPMENT_TEAM = J6HU7FZCS8;
				ENABLE_PREVIEWS = YES;
				INFOPLIST_FILE = Auftakt/Info.plist;
				IPHONEOS_DEPLOYMENT_TARGET = 14.0;
				LD_RUNPATH_SEARCH_PATHS = (
					"$(inherited)",
					"@executable_path/Frameworks",
				);
				PRODUCT_BUNDLE_IDENTIFIER = com.github.thestoneage.Auftakt;
				PRODUCT_NAME = "$(TARGET_NAME)";
				SWIFT_VERSION = 5.0;
				TARGETED_DEVICE_FAMILY = 1;
			};
			name = Release;
		};
		491EB2C0256464C700C30283 /* Debug */ = {
			isa = XCBuildConfiguration;
			buildSettings = {
				ALWAYS_EMBED_SWIFT_STANDARD_LIBRARIES = YES;
				BUNDLE_LOADER = "$(TEST_HOST)";
				CODE_SIGN_STYLE = Automatic;
				DEVELOPMENT_TEAM = J6HU7FZCS8;
				INFOPLIST_FILE = AuftaktTests/Info.plist;
				IPHONEOS_DEPLOYMENT_TARGET = 14.0;
				LD_RUNPATH_SEARCH_PATHS = (
					"$(inherited)",
					"@executable_path/Frameworks",
					"@loader_path/Frameworks",
				);
				PRODUCT_BUNDLE_IDENTIFIER = com.github.thestoneage.AuftaktTests;
				PRODUCT_NAME = "$(TARGET_NAME)";
				SWIFT_VERSION = 5.0;
				TARGETED_DEVICE_FAMILY = "1,2";
				TEST_HOST = "$(BUILT_PRODUCTS_DIR)/Auftakt.app/Auftakt";
			};
			name = Debug;
		};
		491EB2C1256464C700C30283 /* Release */ = {
			isa = XCBuildConfiguration;
			buildSettings = {
				ALWAYS_EMBED_SWIFT_STANDARD_LIBRARIES = YES;
				BUNDLE_LOADER = "$(TEST_HOST)";
				CODE_SIGN_STYLE = Automatic;
				DEVELOPMENT_TEAM = J6HU7FZCS8;
				INFOPLIST_FILE = AuftaktTests/Info.plist;
				IPHONEOS_DEPLOYMENT_TARGET = 14.0;
				LD_RUNPATH_SEARCH_PATHS = (
					"$(inherited)",
					"@executable_path/Frameworks",
					"@loader_path/Frameworks",
				);
				PRODUCT_BUNDLE_IDENTIFIER = com.github.thestoneage.AuftaktTests;
				PRODUCT_NAME = "$(TARGET_NAME)";
				SWIFT_VERSION = 5.0;
				TARGETED_DEVICE_FAMILY = "1,2";
				TEST_HOST = "$(BUILT_PRODUCTS_DIR)/Auftakt.app/Auftakt";
			};
			name = Release;
		};
		491EB2C3256464C700C30283 /* Debug */ = {
			isa = XCBuildConfiguration;
			buildSettings = {
				ALWAYS_EMBED_SWIFT_STANDARD_LIBRARIES = YES;
				CODE_SIGN_STYLE = Automatic;
				DEVELOPMENT_TEAM = J6HU7FZCS8;
				INFOPLIST_FILE = AuftaktUITests/Info.plist;
				LD_RUNPATH_SEARCH_PATHS = (
					"$(inherited)",
					"@executable_path/Frameworks",
					"@loader_path/Frameworks",
				);
				PRODUCT_BUNDLE_IDENTIFIER = com.github.thestoneage.AuftaktUITests;
				PRODUCT_NAME = "$(TARGET_NAME)";
				SWIFT_VERSION = 5.0;
				TARGETED_DEVICE_FAMILY = "1,2";
				TEST_TARGET_NAME = Auftakt;
			};
			name = Debug;
		};
		491EB2C4256464C700C30283 /* Release */ = {
			isa = XCBuildConfiguration;
			buildSettings = {
				ALWAYS_EMBED_SWIFT_STANDARD_LIBRARIES = YES;
				CODE_SIGN_STYLE = Automatic;
				DEVELOPMENT_TEAM = J6HU7FZCS8;
				INFOPLIST_FILE = AuftaktUITests/Info.plist;
				LD_RUNPATH_SEARCH_PATHS = (
					"$(inherited)",
					"@executable_path/Frameworks",
					"@loader_path/Frameworks",
				);
				PRODUCT_BUNDLE_IDENTIFIER = com.github.thestoneage.AuftaktUITests;
				PRODUCT_NAME = "$(TARGET_NAME)";
				SWIFT_VERSION = 5.0;
				TARGETED_DEVICE_FAMILY = "1,2";
				TEST_TARGET_NAME = Auftakt;
			};
			name = Release;
		};
/* End XCBuildConfiguration section */

/* Begin XCConfigurationList section */
		491EB292256464C500C30283 /* Build configuration list for PBXProject "Auftakt" */ = {
			isa = XCConfigurationList;
			buildConfigurations = (
				491EB2BA256464C700C30283 /* Debug */,
				491EB2BB256464C700C30283 /* Release */,
			);
			defaultConfigurationIsVisible = 0;
			defaultConfigurationName = Release;
		};
		491EB2BC256464C700C30283 /* Build configuration list for PBXNativeTarget "Auftakt" */ = {
			isa = XCConfigurationList;
			buildConfigurations = (
				491EB2BD256464C700C30283 /* Debug */,
				491EB2BE256464C700C30283 /* Release */,
			);
			defaultConfigurationIsVisible = 0;
			defaultConfigurationName = Release;
		};
		491EB2BF256464C700C30283 /* Build configuration list for PBXNativeTarget "AuftaktTests" */ = {
			isa = XCConfigurationList;
			buildConfigurations = (
				491EB2C0256464C700C30283 /* Debug */,
				491EB2C1256464C700C30283 /* Release */,
			);
			defaultConfigurationIsVisible = 0;
			defaultConfigurationName = Release;
		};
		491EB2C2256464C700C30283 /* Build configuration list for PBXNativeTarget "AuftaktUITests" */ = {
			isa = XCConfigurationList;
			buildConfigurations = (
				491EB2C3256464C700C30283 /* Debug */,
				491EB2C4256464C700C30283 /* Release */,
			);
			defaultConfigurationIsVisible = 0;
			defaultConfigurationName = Release;
		};
/* End XCConfigurationList section */
	};
	rootObject = 491EB28F256464C500C30283 /* Project object */;
}
